// !$*UTF8*$!
{
	archiveVersion = 1;
	classes = {
	};
	objectVersion = 55;
	objects = {

/* Begin PBXBuildFile section */
		3E7270E1284484FF00FD533C /* WordAppApp.swift in Sources */ = {isa = PBXBuildFile; fileRef = 3E7270E0284484FF00FD533C /* WordAppApp.swift */; };
		3E7270E3284484FF00FD533C /* ContentView.swift in Sources */ = {isa = PBXBuildFile; fileRef = 3E7270E2284484FF00FD533C /* ContentView.swift */; };
		3E7270E52844850100FD533C /* Assets.xcassets in Resources */ = {isa = PBXBuildFile; fileRef = 3E7270E42844850100FD533C /* Assets.xcassets */; };
		3E7270E82844850100FD533C /* Preview Assets.xcassets in Resources */ = {isa = PBXBuildFile; fileRef = 3E7270E72844850100FD533C /* Preview Assets.xcassets */; };
		3E7270F1284485CF00FD533C /* WordView.swift in Sources */ = {isa = PBXBuildFile; fileRef = 3E7270F0284485CF00FD533C /* WordView.swift */; };
		3E7270F3284485DF00FD533C /* Model.swift in Sources */ = {isa = PBXBuildFile; fileRef = 3E7270F2284485DF00FD533C /* Model.swift */; };
		3E7270F82844A2EB00FD533C /* ViewModel.swift in Sources */ = {isa = PBXBuildFile; fileRef = 3E7270F72844A2EB00FD533C /* ViewModel.swift */; };
		3E7270FA2844A68A00FD533C /* PickerView.swift in Sources */ = {isa = PBXBuildFile; fileRef = 3E7270F92844A68A00FD533C /* PickerView.swift */; };
/* End PBXBuildFile section */

/* Begin PBXFileReference section */
		3E7270DD284484FF00FD533C /* WordApp.app */ = {isa = PBXFileReference; explicitFileType = wrapper.application; includeInIndex = 0; path = WordApp.app; sourceTree = BUILT_PRODUCTS_DIR; };
		3E7270E0284484FF00FD533C /* WordAppApp.swift */ = {isa = PBXFileReference; lastKnownFileType = sourcecode.swift; path = WordAppApp.swift; sourceTree = "<group>"; };
		3E7270E2284484FF00FD533C /* ContentView.swift */ = {isa = PBXFileReference; lastKnownFileType = sourcecode.swift; path = ContentView.swift; sourceTree = "<group>"; };
		3E7270E42844850100FD533C /* Assets.xcassets */ = {isa = PBXFileReference; lastKnownFileType = folder.assetcatalog; path = Assets.xcassets; sourceTree = "<group>"; };
		3E7270E72844850100FD533C /* Preview Assets.xcassets */ = {isa = PBXFileReference; lastKnownFileType = folder.assetcatalog; path = "Preview Assets.xcassets"; sourceTree = "<group>"; };
		3E7270F0284485CF00FD533C /* WordView.swift */ = {isa = PBXFileReference; lastKnownFileType = sourcecode.swift; path = WordView.swift; sourceTree = "<group>"; };
		3E7270F2284485DF00FD533C /* Model.swift */ = {isa = PBXFileReference; lastKnownFileType = sourcecode.swift; path = Model.swift; sourceTree = "<group>"; };
		3E7270F72844A2EB00FD533C /* ViewModel.swift */ = {isa = PBXFileReference; lastKnownFileType = sourcecode.swift; path = ViewModel.swift; sourceTree = "<group>"; };
		3E7270F92844A68A00FD533C /* PickerView.swift */ = {isa = PBXFileReference; lastKnownFileType = sourcecode.swift; path = PickerView.swift; sourceTree = "<group>"; };
/* End PBXFileReference section */

/* Begin PBXFrameworksBuildPhase section */
		3E7270DA284484FF00FD533C /* Frameworks */ = {
			isa = PBXFrameworksBuildPhase;
			buildActionMask = 2147483647;
			files = (
			);
			runOnlyForDeploymentPostprocessing = 0;
		};
/* End PBXFrameworksBuildPhase section */

/* Begin PBXGroup section */
		3E7270D4284484FF00FD533C = {
			isa = PBXGroup;
			children = (
				3E7270DF284484FF00FD533C /* WordApp */,
				3E7270DE284484FF00FD533C /* Products */,
			);
			sourceTree = "<group>";
		};
		3E7270DE284484FF00FD533C /* Products */ = {
			isa = PBXGroup;
			children = (
				3E7270DD284484FF00FD533C /* WordApp.app */,
			);
			name = Products;
			sourceTree = "<group>";
		};
		3E7270DF284484FF00FD533C /* WordApp */ = {
			isa = PBXGroup;
			children = (
				3E7270F62844A2D900FD533C /* ViewModels */,
				3E7270EF2844852800FD533C /* Views */,
				3E7270EE2844852200FD533C /* Models */,
				3E7270E0284484FF00FD533C /* WordAppApp.swift */,
				3E7270E42844850100FD533C /* Assets.xcassets */,
				3E7270E62844850100FD533C /* Preview Content */,
			);
			path = WordApp;
			sourceTree = "<group>";
		};
		3E7270E62844850100FD533C /* Preview Content */ = {
			isa = PBXGroup;
			children = (
				3E7270E72844850100FD533C /* Preview Assets.xcassets */,
			);
			path = "Preview Content";
			sourceTree = "<group>";
		};
		3E7270EE2844852200FD533C /* Models */ = {
			isa = PBXGroup;
			children = (
				3E7270F2284485DF00FD533C /* Model.swift */,
			);
			path = Models;
			sourceTree = "<group>";
		};
		3E7270EF2844852800FD533C /* Views */ = {
			isa = PBXGroup;
			children = (
				3E7270E2284484FF00FD533C /* ContentView.swift */,
				3E7270F0284485CF00FD533C /* WordView.swift */,
				3E7270F92844A68A00FD533C /* PickerView.swift */,
			);
			path = Views;
			sourceTree = "<group>";
		};
		3E7270F62844A2D900FD533C /* ViewModels */ = {
			isa = PBXGroup;
			children = (
				3E7270F72844A2EB00FD533C /* ViewModel.swift */,
			);
			path = ViewModels;
			sourceTree = "<group>";
		};
/* End PBXGroup section */

/* Begin PBXNativeTarget section */
		3E7270DC284484FF00FD533C /* WordApp */ = {
			isa = PBXNativeTarget;
			buildConfigurationList = 3E7270EB2844850100FD533C /* Build configuration list for PBXNativeTarget "WordApp" */;
			buildPhases = (
				3E7270D9284484FF00FD533C /* Sources */,
				3E7270DA284484FF00FD533C /* Frameworks */,
				3E7270DB284484FF00FD533C /* Resources */,
			);
			buildRules = (
			);
			dependencies = (
			);
			name = WordApp;
			productName = WordApp;
			productReference = 3E7270DD284484FF00FD533C /* WordApp.app */;
			productType = "com.apple.product-type.application";
		};
/* End PBXNativeTarget section */

/* Begin PBXProject section */
		3E7270D5284484FF00FD533C /* Project object */ = {
			isa = PBXProject;
			attributes = {
				BuildIndependentTargetsInParallel = 1;
				LastSwiftUpdateCheck = 1340;
				LastUpgradeCheck = 1340;
				TargetAttributes = {
					3E7270DC284484FF00FD533C = {
						CreatedOnToolsVersion = 13.4;
					};
				};
			};
			buildConfigurationList = 3E7270D8284484FF00FD533C /* Build configuration list for PBXProject "WordApp" */;
			compatibilityVersion = "Xcode 13.0";
			developmentRegion = en;
			hasScannedForEncodings = 0;
			knownRegions = (
				en,
				Base,
			);
			mainGroup = 3E7270D4284484FF00FD533C;
			productRefGroup = 3E7270DE284484FF00FD533C /* Products */;
			projectDirPath = "";
			projectRoot = "";
			targets = (
				3E7270DC284484FF00FD533C /* WordApp */,
			);
		};
/* End PBXProject section */

/* Begin PBXResourcesBuildPhase section */
		3E7270DB284484FF00FD533C /* Resources */ = {
			isa = PBXResourcesBuildPhase;
			buildActionMask = 2147483647;
			files = (
				3E7270E82844850100FD533C /* Preview Assets.xcassets in Resources */,
				3E7270E52844850100FD533C /* Assets.xcassets in Resources */,
			);
			runOnlyForDeploymentPostprocessing = 0;
		};
/* End PBXResourcesBuildPhase section */

/* Begin PBXSourcesBuildPhase section */
		3E7270D9284484FF00FD533C /* Sources */ = {
			isa = PBXSourcesBuildPhase;
			buildActionMask = 2147483647;
			files = (
				3E7270E3284484FF00FD533C /* ContentView.swift in Sources */,
				3E7270E1284484FF00FD533C /* WordAppApp.swift in Sources */,
				3E7270FA2844A68A00FD533C /* PickerView.swift in Sources */,
				3E7270F1284485CF00FD533C /* WordView.swift in Sources */,
				3E7270F82844A2EB00FD533C /* ViewModel.swift in Sources */,
				3E7270F3284485DF00FD533C /* Model.swift in Sources */,
			);
			runOnlyForDeploymentPostprocessing = 0;
		};
/* End PBXSourcesBuildPhase section */

/* Begin XCBuildConfiguration section */
		3E7270E92844850100FD533C /* Debug */ = {
			isa = XCBuildConfiguration;
			buildSettings = {
				ALWAYS_SEARCH_USER_PATHS = NO;
				CLANG_ANALYZER_NONNULL = YES;
				CLANG_ANALYZER_NUMBER_OBJECT_CONVERSION = YES_AGGRESSIVE;
				CLANG_CXX_LANGUAGE_STANDARD = "gnu++17";
				CLANG_ENABLE_MODULES = YES;
				CLANG_ENABLE_OBJC_ARC = YES;
				CLANG_ENABLE_OBJC_WEAK = YES;
				CLANG_WARN_BLOCK_CAPTURE_AUTORELEASING = YES;
				CLANG_WARN_BOOL_CONVERSION = YES;
				CLANG_WARN_COMMA = YES;
				CLANG_WARN_CONSTANT_CONVERSION = YES;
				CLANG_WARN_DEPRECATED_OBJC_IMPLEMENTATIONS = YES;
				CLANG_WARN_DIRECT_OBJC_ISA_USAGE = YES_ERROR;
				CLANG_WARN_DOCUMENTATION_COMMENTS = YES;
				CLANG_WARN_EMPTY_BODY = YES;
				CLANG_WARN_ENUM_CONVERSION = YES;
				CLANG_WARN_INFINITE_RECURSION = YES;
				CLANG_WARN_INT_CONVERSION = YES;
				CLANG_WARN_NON_LITERAL_NULL_CONVERSION = YES;
				CLANG_WARN_OBJC_IMPLICIT_RETAIN_SELF = YES;
				CLANG_WARN_OBJC_LITERAL_CONVERSION = YES;
				CLANG_WARN_OBJC_ROOT_CLASS = YES_ERROR;
				CLANG_WARN_QUOTED_INCLUDE_IN_FRAMEWORK_HEADER = YES;
				CLANG_WARN_RANGE_LOOP_ANALYSIS = YES;
				CLANG_WARN_STRICT_PROTOTYPES = YES;
				CLANG_WARN_SUSPICIOUS_MOVE = YES;
				CLANG_WARN_UNGUARDED_AVAILABILITY = YES_AGGRESSIVE;
				CLANG_WARN_UNREACHABLE_CODE = YES;
				CLANG_WARN__DUPLICATE_METHOD_MATCH = YES;
				COPY_PHASE_STRIP = NO;
				DEBUG_INFORMATION_FORMAT = dwarf;
				ENABLE_STRICT_OBJC_MSGSEND = YES;
				ENABLE_TESTABILITY = YES;
				GCC_C_LANGUAGE_STANDARD = gnu11;
				GCC_DYNAMIC_NO_PIC = NO;
				GCC_NO_COMMON_BLOCKS = YES;
				GCC_OPTIMIZATION_LEVEL = 0;
				GCC_PREPROCESSOR_DEFINITIONS = (
					"DEBUG=1",
					"$(inherited)",
				);
				GCC_WARN_64_TO_32_BIT_CONVERSION = YES;
				GCC_WARN_ABOUT_RETURN_TYPE = YES_ERROR;
				GCC_WARN_UNDECLARED_SELECTOR = YES;
				GCC_WARN_UNINITIALIZED_AUTOS = YES_AGGRESSIVE;
				GCC_WARN_UNUSED_FUNCTION = YES;
				GCC_WARN_UNUSED_VARIABLE = YES;
				IPHONEOS_DEPLOYMENT_TARGET = 15.5;
				MTL_ENABLE_DEBUG_INFO = INCLUDE_SOURCE;
				MTL_FAST_MATH = YES;
				ONLY_ACTIVE_ARCH = YES;
				SDKROOT = iphoneos;
				SWIFT_ACTIVE_COMPILATION_CONDITIONS = DEBUG;
				SWIFT_OPTIMIZATION_LEVEL = "-Onone";
			};
			name = Debug;
		};
		3E7270EA2844850100FD533C /* Release */ = {
			isa = XCBuildConfiguration;
			buildSettings = {
				ALWAYS_SEARCH_USER_PATHS = NO;
				CLANG_ANALYZER_NONNULL = YES;
				CLANG_ANALYZER_NUMBER_OBJECT_CONVERSION = YES_AGGRESSIVE;
				CLANG_CXX_LANGUAGE_STANDARD = "gnu++17";
				CLANG_ENABLE_MODULES = YES;
				CLANG_ENABLE_OBJC_ARC = YES;
				CLANG_ENABLE_OBJC_WEAK = YES;
				CLANG_WARN_BLOCK_CAPTURE_AUTORELEASING = YES;
				CLANG_WARN_BOOL_CONVERSION = YES;
				CLANG_WARN_COMMA = YES;
				CLANG_WARN_CONSTANT_CONVERSION = YES;
				CLANG_WARN_DEPRECATED_OBJC_IMPLEMENTATIONS = YES;
				CLANG_WARN_DIRECT_OBJC_ISA_USAGE = YES_ERROR;
				CLANG_WARN_DOCUMENTATION_COMMENTS = YES;
				CLANG_WARN_EMPTY_BODY = YES;
				CLANG_WARN_ENUM_CONVERSION = YES;
				CLANG_WARN_INFINITE_RECURSION = YES;
				CLANG_WARN_INT_CONVERSION = YES;
				CLANG_WARN_NON_LITERAL_NULL_CONVERSION = YES;
				CLANG_WARN_OBJC_IMPLICIT_RETAIN_SELF = YES;
				CLANG_WARN_OBJC_LITERAL_CONVERSION = YES;
				CLANG_WARN_OBJC_ROOT_CLASS = YES_ERROR;
				CLANG_WARN_QUOTED_INCLUDE_IN_FRAMEWORK_HEADER = YES;
				CLANG_WARN_RANGE_LOOP_ANALYSIS = YES;
				CLANG_WARN_STRICT_PROTOTYPES = YES;
				CLANG_WARN_SUSPICIOUS_MOVE = YES;
				CLANG_WARN_UNGUARDED_AVAILABILITY = YES_AGGRESSIVE;
				CLANG_WARN_UNREACHABLE_CODE = YES;
				CLANG_WARN__DUPLICATE_METHOD_MATCH = YES;
				COPY_PHASE_STRIP = NO;
				DEBUG_INFORMATION_FORMAT = "dwarf-with-dsym";
				ENABLE_NS_ASSERTIONS = NO;
				ENABLE_STRICT_OBJC_MSGSEND = YES;
				GCC_C_LANGUAGE_STANDARD = gnu11;
				GCC_NO_COMMON_BLOCKS = YES;
				GCC_WARN_64_TO_32_BIT_CONVERSION = YES;
				GCC_WARN_ABOUT_RETURN_TYPE = YES_ERROR;
				GCC_WARN_UNDECLARED_SELECTOR = YES;
				GCC_WARN_UNINITIALIZED_AUTOS = YES_AGGRESSIVE;
				GCC_WARN_UNUSED_FUNCTION = YES;
				GCC_WARN_UNUSED_VARIABLE = YES;
				IPHONEOS_DEPLOYMENT_TARGET = 15.5;
				MTL_ENABLE_DEBUG_INFO = NO;
				MTL_FAST_MATH = YES;
				SDKROOT = iphoneos;
				SWIFT_COMPILATION_MODE = wholemodule;
				SWIFT_OPTIMIZATION_LEVEL = "-O";
				VALIDATE_PRODUCT = YES;
			};
			name = Release;
		};
		3E7270EC2844850100FD533C /* Debug */ = {
			isa = XCBuildConfiguration;
			buildSettings = {
				ASSETCATALOG_COMPILER_APPICON_NAME = AppIcon;
				ASSETCATALOG_COMPILER_GLOBAL_ACCENT_COLOR_NAME = AccentColor;
				CODE_SIGN_STYLE = Automatic;
				CURRENT_PROJECT_VERSION = 1;
				DEVELOPMENT_ASSET_PATHS = "\"WordApp/Preview Content\"";
				DEVELOPMENT_TEAM = S9G6YGQ76H;
				ENABLE_PREVIEWS = YES;
				GENERATE_INFOPLIST_FILE = YES;
				INFOPLIST_KEY_UIApplicationSceneManifest_Generation = YES;
				INFOPLIST_KEY_UIApplicationSupportsIndirectInputEvents = YES;
				INFOPLIST_KEY_UILaunchScreen_Generation = YES;
				INFOPLIST_KEY_UISupportedInterfaceOrientations_iPad = "UIInterfaceOrientationPortrait UIInterfaceOrientationPortraitUpsideDown UIInterfaceOrientationLandscapeLeft UIInterfaceOrientationLandscapeRight";
				INFOPLIST_KEY_UISupportedInterfaceOrientations_iPhone = "UIInterfaceOrientationPortrait UIInterfaceOrientationLandscapeLeft UIInterfaceOrientationLandscapeRight";
				LD_RUNPATH_SEARCH_PATHS = (
					"$(inherited)",
					"@executable_path/Frameworks",
				);
				MARKETING_VERSION = 1.0;
				PRODUCT_BUNDLE_IDENTIFIER = "com-id.WordApp";
				PRODUCT_NAME = "$(TARGET_NAME)";
				SWIFT_EMIT_LOC_STRINGS = YES;
				SWIFT_VERSION = 5.0;
				TARGETED_DEVICE_FAMILY = "1,2";
			};
			name = Debug;
		};
		3E7270ED2844850100FD533C /* Release */ = {
			isa = XCBuildConfiguration;
			buildSettings = {
				ASSETCATALOG_COMPILER_APPICON_NAME = AppIcon;
				ASSETCATALOG_COMPILER_GLOBAL_ACCENT_COLOR_NAME = AccentColor;
				CODE_SIGN_STYLE = Automatic;
				CURRENT_PROJECT_VERSION = 1;
				DEVELOPMENT_ASSET_PATHS = "\"WordApp/Preview Content\"";
				DEVELOPMENT_TEAM = S9G6YGQ76H;
				ENABLE_PREVIEWS = YES;
				GENERATE_INFOPLIST_FILE = YES;
				INFOPLIST_KEY_UIApplicationSceneManifest_Generation = YES;
				INFOPLIST_KEY_UIApplicationSupportsIndirectInputEvents = YES;
				INFOPLIST_KEY_UILaunchScreen_Generation = YES;
				INFOPLIST_KEY_UISupportedInterfaceOrientations_iPad = "UIInterfaceOrientationPortrait UIInterfaceOrientationPortraitUpsideDown UIInterfaceOrientationLandscapeLeft UIInterfaceOrientationLandscapeRight";
				INFOPLIST_KEY_UISupportedInterfaceOrientations_iPhone = "UIInterfaceOrientationPortrait UIInterfaceOrientationLandscapeLeft UIInterfaceOrientationLandscapeRight";
				LD_RUNPATH_SEARCH_PATHS = (
					"$(inherited)",
					"@executable_path/Frameworks",
				);
				MARKETING_VERSION = 1.0;
				PRODUCT_BUNDLE_IDENTIFIER = "com-id.WordApp";
				PRODUCT_NAME = "$(TARGET_NAME)";
				SWIFT_EMIT_LOC_STRINGS = YES;
				SWIFT_VERSION = 5.0;
				TARGETED_DEVICE_FAMILY = "1,2";
			};
			name = Release;
		};
/* End XCBuildConfiguration section */

/* Begin XCConfigurationList section */
		3E7270D8284484FF00FD533C /* Build configuration list for PBXProject "WordApp" */ = {
			isa = XCConfigurationList;
			buildConfigurations = (
				3E7270E92844850100FD533C /* Debug */,
				3E7270EA2844850100FD533C /* Release */,
			);
			defaultConfigurationIsVisible = 0;
			defaultConfigurationName = Release;
		};
		3E7270EB2844850100FD533C /* Build configuration list for PBXNativeTarget "WordApp" */ = {
			isa = XCConfigurationList;
			buildConfigurations = (
				3E7270EC2844850100FD533C /* Debug */,
				3E7270ED2844850100FD533C /* Release */,
			);
			defaultConfigurationIsVisible = 0;
			defaultConfigurationName = Release;
		};
/* End XCConfigurationList section */
	};
	rootObject = 3E7270D5284484FF00FD533C /* Project object */;
}
